
Microsoft Visual Studio Solution File, Format Version 12.00
# Visual Studio Version 17
VisualStudioVersion = 17.0.31903.59
MinimumVisualStudioVersion = 10.0.40219.1
Project("{2150E333-8FDC-42A3-9474-1A3956D46DE8}") = "src", "src", "{827E0CD3-B72D-47B6-A68D-7590B98EB39B}"
EndProject
Project("{FAE04EC0-301F-11D3-BF4B-00C04F79EFBC}") = "Middagsklok", "src\Middagsklok\Middagsklok.csproj", "{E2EFDAAD-6E6A-4282-9685-9D471763821B}"
EndProject
Project("{FAE04EC0-301F-11D3-BF4B-00C04F79EFBC}") = "Middagsklok.App", "src\Middagsklok.App\Middagsklok.App.csproj", "{9B2C09B1-31BB-4780-B6DF-59BA30786919}"
EndProject
Project("{FAE04EC0-301F-11D3-BF4B-00C04F79EFBC}") = "Middagsklok.Api", "src\Middagsklok.Api\Middagsklok.Api.csproj", "{C3F4B5A6-7D8E-9F01-2345-6789ABCDEF01}"
EndProject
Project("{2150E333-8FDC-42A3-9474-1A3956D46DE8}") = "tests", "tests", "{0AB3BF05-4346-4AA6-1389-037BE0695223}"
EndProject
Project("{FAE04EC0-301F-11D3-BF4B-00C04F79EFBC}") = "Middagsklok.Tests.Unit", "tests\Middagsklok.Tests.Unit\Middagsklok.Tests.Unit.csproj", "{D0ACD0EC-472C-451F-ADFF-F5FD611FE244}"
EndProject
Project("{FAE04EC0-301F-11D3-BF4B-00C04F79EFBC}") = "Middagsklok.Tests.Integration", "tests\Middagsklok.Tests.Integration\Middagsklok.Tests.Integration.csproj", "{86E2DFE5-B11E-4C87-B4DF-4FD414B2271E}"
EndProject
Project("{FAE04EC0-301F-11D3-BF4B-00C04F79EFBC}") = "Middagsklok.AppHost", "src\Middagsklok.AppHost\Middagsklok.AppHost.csproj", "{55BB163D-78B4-48F6-8CAF-3CD6FAAC4570}"
EndProject
Global
	GlobalSection(SolutionConfigurationPlatforms) = preSolution
		Debug|Any CPU = Debug|Any CPU
		Debug|x64 = Debug|x64
		Debug|x86 = Debug|x86
		Release|Any CPU = Release|Any CPU
		Release|x64 = Release|x64
		Release|x86 = Release|x86
	EndGlobalSection
	GlobalSection(ProjectConfigurationPlatforms) = postSolution
		{E2EFDAAD-6E6A-4282-9685-9D471763821B}.Debug|Any CPU.ActiveCfg = Debug|Any CPU
		{E2EFDAAD-6E6A-4282-9685-9D471763821B}.Debug|Any CPU.Build.0 = Debug|Any CPU
		{E2EFDAAD-6E6A-4282-9685-9D471763821B}.Debug|x64.ActiveCfg = Debug|Any CPU
		{E2EFDAAD-6E6A-4282-9685-9D471763821B}.Debug|x64.Build.0 = Debug|Any CPU
		{E2EFDAAD-6E6A-4282-9685-9D471763821B}.Debug|x86.ActiveCfg = Debug|Any CPU
		{E2EFDAAD-6E6A-4282-9685-9D471763821B}.Debug|x86.Build.0 = Debug|Any CPU
		{E2EFDAAD-6E6A-4282-9685-9D471763821B}.Release|Any CPU.ActiveCfg = Release|Any CPU
		{E2EFDAAD-6E6A-4282-9685-9D471763821B}.Release|Any CPU.Build.0 = Release|Any CPU
		{E2EFDAAD-6E6A-4282-9685-9D471763821B}.Release|x64.ActiveCfg = Release|Any CPU
		{E2EFDAAD-6E6A-4282-9685-9D471763821B}.Release|x64.Build.0 = Release|Any CPU
		{E2EFDAAD-6E6A-4282-9685-9D471763821B}.Release|x86.ActiveCfg = Release|Any CPU
		{E2EFDAAD-6E6A-4282-9685-9D471763821B}.Release|x86.Build.0 = Release|Any CPU
		{9B2C09B1-31BB-4780-B6DF-59BA30786919}.Debug|Any CPU.ActiveCfg = Debug|Any CPU
		{9B2C09B1-31BB-4780-B6DF-59BA30786919}.Debug|Any CPU.Build.0 = Debug|Any CPU
		{9B2C09B1-31BB-4780-B6DF-59BA30786919}.Debug|x64.ActiveCfg = Debug|Any CPU
		{9B2C09B1-31BB-4780-B6DF-59BA30786919}.Debug|x64.Build.0 = Debug|Any CPU
		{9B2C09B1-31BB-4780-B6DF-59BA30786919}.Debug|x86.ActiveCfg = Debug|Any CPU
		{9B2C09B1-31BB-4780-B6DF-59BA30786919}.Debug|x86.Build.0 = Debug|Any CPU
		{9B2C09B1-31BB-4780-B6DF-59BA30786919}.Release|Any CPU.ActiveCfg = Release|Any CPU
		{9B2C09B1-31BB-4780-B6DF-59BA30786919}.Release|Any CPU.Build.0 = Release|Any CPU
		{9B2C09B1-31BB-4780-B6DF-59BA30786919}.Release|x64.ActiveCfg = Release|Any CPU
		{9B2C09B1-31BB-4780-B6DF-59BA30786919}.Release|x64.Build.0 = Release|Any CPU
		{9B2C09B1-31BB-4780-B6DF-59BA30786919}.Release|x86.ActiveCfg = Release|Any CPU
		{9B2C09B1-31BB-4780-B6DF-59BA30786919}.Release|x86.Build.0 = Release|Any CPU
		{C3F4B5A6-7D8E-9F01-2345-6789ABCDEF01}.Debug|Any CPU.ActiveCfg = Debug|Any CPU
		{C3F4B5A6-7D8E-9F01-2345-6789ABCDEF01}.Debug|Any CPU.Build.0 = Debug|Any CPU
		{C3F4B5A6-7D8E-9F01-2345-6789ABCDEF01}.Debug|x64.ActiveCfg = Debug|Any CPU
		{C3F4B5A6-7D8E-9F01-2345-6789ABCDEF01}.Debug|x64.Build.0 = Debug|Any CPU
		{C3F4B5A6-7D8E-9F01-2345-6789ABCDEF01}.Debug|x86.ActiveCfg = Debug|Any CPU
		{C3F4B5A6-7D8E-9F01-2345-6789ABCDEF01}.Debug|x86.Build.0 = Debug|Any CPU
		{C3F4B5A6-7D8E-9F01-2345-6789ABCDEF01}.Release|Any CPU.ActiveCfg = Release|Any CPU
		{C3F4B5A6-7D8E-9F01-2345-6789ABCDEF01}.Release|Any CPU.Build.0 = Release|Any CPU
		{C3F4B5A6-7D8E-9F01-2345-6789ABCDEF01}.Release|x64.ActiveCfg = Release|Any CPU
		{C3F4B5A6-7D8E-9F01-2345-6789ABCDEF01}.Release|x64.Build.0 = Release|Any CPU
		{C3F4B5A6-7D8E-9F01-2345-6789ABCDEF01}.Release|x86.ActiveCfg = Release|Any CPU
		{C3F4B5A6-7D8E-9F01-2345-6789ABCDEF01}.Release|x86.Build.0 = Release|Any CPU
		{D0ACD0EC-472C-451F-ADFF-F5FD611FE244}.Debug|Any CPU.ActiveCfg = Debug|Any CPU
		{D0ACD0EC-472C-451F-ADFF-F5FD611FE244}.Debug|Any CPU.Build.0 = Debug|Any CPU
		{D0ACD0EC-472C-451F-ADFF-F5FD611FE244}.Debug|x64.ActiveCfg = Debug|Any CPU
		{D0ACD0EC-472C-451F-ADFF-F5FD611FE244}.Debug|x64.Build.0 = Debug|Any CPU
		{D0ACD0EC-472C-451F-ADFF-F5FD611FE244}.Debug|x86.ActiveCfg = Debug|Any CPU
		{D0ACD0EC-472C-451F-ADFF-F5FD611FE244}.Debug|x86.Build.0 = Debug|Any CPU
		{D0ACD0EC-472C-451F-ADFF-F5FD611FE244}.Release|Any CPU.ActiveCfg = Release|Any CPU
		{D0ACD0EC-472C-451F-ADFF-F5FD611FE244}.Release|Any CPU.Build.0 = Release|Any CPU
		{D0ACD0EC-472C-451F-ADFF-F5FD611FE244}.Release|x64.ActiveCfg = Release|Any CPU
		{D0ACD0EC-472C-451F-ADFF-F5FD611FE244}.Release|x64.Build.0 = Release|Any CPU
		{D0ACD0EC-472C-451F-ADFF-F5FD611FE244}.Release|x86.ActiveCfg = Release|Any CPU
		{D0ACD0EC-472C-451F-ADFF-F5FD611FE244}.Release|x86.Build.0 = Release|Any CPU
		{86E2DFE5-B11E-4C87-B4DF-4FD414B2271E}.Debug|Any CPU.ActiveCfg = Debug|Any CPU
		{86E2DFE5-B11E-4C87-B4DF-4FD414B2271E}.Debug|Any CPU.Build.0 = Debug|Any CPU
		{86E2DFE5-B11E-4C87-B4DF-4FD414B2271E}.Debug|x64.ActiveCfg = Debug|Any CPU
		{86E2DFE5-B11E-4C87-B4DF-4FD414B2271E}.Debug|x64.Build.0 = Debug|Any CPU
		{86E2DFE5-B11E-4C87-B4DF-4FD414B2271E}.Debug|x86.ActiveCfg = Debug|Any CPU
		{86E2DFE5-B11E-4C87-B4DF-4FD414B2271E}.Debug|x86.Build.0 = Debug|Any CPU
		{86E2DFE5-B11E-4C87-B4DF-4FD414B2271E}.Release|Any CPU.ActiveCfg = Release|Any CPU
		{86E2DFE5-B11E-4C87-B4DF-4FD414B2271E}.Release|Any CPU.Build.0 = Release|Any CPU
		{86E2DFE5-B11E-4C87-B4DF-4FD414B2271E}.Release|x64.ActiveCfg = Release|Any CPU
		{86E2DFE5-B11E-4C87-B4DF-4FD414B2271E}.Release|x64.Build.0 = Release|Any CPU
		{86E2DFE5-B11E-4C87-B4DF-4FD414B2271E}.Release|x86.ActiveCfg = Release|Any CPU
		{86E2DFE5-B11E-4C87-B4DF-4FD414B2271E}.Release|x86.Build.0 = Release|Any CPU
		{55BB163D-78B4-48F6-8CAF-3CD6FAAC4570}.Debug|Any CPU.ActiveCfg = Debug|Any CPU
		{55BB163D-78B4-48F6-8CAF-3CD6FAAC4570}.Debug|Any CPU.Build.0 = Debug|Any CPU
		{55BB163D-78B4-48F6-8CAF-3CD6FAAC4570}.Debug|x64.ActiveCfg = Debug|Any CPU
		{55BB163D-78B4-48F6-8CAF-3CD6FAAC4570}.Debug|x64.Build.0 = Debug|Any CPU
		{55BB163D-78B4-48F6-8CAF-3CD6FAAC4570}.Debug|x86.ActiveCfg = Debug|Any CPU
		{55BB163D-78B4-48F6-8CAF-3CD6FAAC4570}.Debug|x86.Build.0 = Debug|Any CPU
		{55BB163D-78B4-48F6-8CAF-3CD6FAAC4570}.Release|Any CPU.ActiveCfg = Release|Any CPU
		{55BB163D-78B4-48F6-8CAF-3CD6FAAC4570}.Release|Any CPU.Build.0 = Release|Any CPU
		{55BB163D-78B4-48F6-8CAF-3CD6FAAC4570}.Release|x64.ActiveCfg = Release|Any CPU
		{55BB163D-78B4-48F6-8CAF-3CD6FAAC4570}.Release|x64.Build.0 = Release|Any CPU
		{55BB163D-78B4-48F6-8CAF-3CD6FAAC4570}.Release|x86.ActiveCfg = Release|Any CPU
		{55BB163D-78B4-48F6-8CAF-3CD6FAAC4570}.Release|x86.Build.0 = Release|Any CPU
	EndGlobalSection
	GlobalSection(SolutionProperties) = preSolution
		HideSolutionNode = FALSE
	EndGlobalSection
	GlobalSection(NestedProjects) = preSolution
		{E2EFDAAD-6E6A-4282-9685-9D471763821B} = {827E0CD3-B72D-47B6-A68D-7590B98EB39B}
		{9B2C09B1-31BB-4780-B6DF-59BA30786919} = {827E0CD3-B72D-47B6-A68D-7590B98EB39B}
		{C3F4B5A6-7D8E-9F01-2345-6789ABCDEF01} = {827E0CD3-B72D-47B6-A68D-7590B98EB39B}
		{D0ACD0EC-472C-451F-ADFF-F5FD611FE244} = {0AB3BF05-4346-4AA6-1389-037BE0695223}
		{86E2DFE5-B11E-4C87-B4DF-4FD414B2271E} = {0AB3BF05-4346-4AA6-1389-037BE0695223}
		{55BB163D-78B4-48F6-8CAF-3CD6FAAC4570} = {827E0CD3-B72D-47B6-A68D-7590B98EB39B}
	EndGlobalSection
EndGlobal
